
Microsoft Visual Studio Solution File, Format Version 12.00
# Visual Studio Version 17
VisualStudioVersion = 17.5.33516.290
MinimumVisualStudioVersion = 10.0.40219.1
Project("{2150E333-8FDC-42A3-9474-1A3956D46DE8}") = "Engine", "Engine", "{6E13A2E7-B2F4-4530-9F51-BD9EC83B0E3A}"
EndProject
Project("{2150E333-8FDC-42A3-9474-1A3956D46DE8}") = "Game", "Game", "{40B92458-D833-4618-BF49-424247B3009E}"
EndProject
Project("{8BC9CEB8-8B4A-11D0-8D11-00A0C91BC942}") = "Audio", "Source\Engine\Audio\Audio.vcxproj", "{58ACC90E-EEC8-4BAF-AA6D-344FEAF900EF}"
EndProject
Project("{8BC9CEB8-8B4A-11D0-8D11-00A0C91BC942}") = "Framework", "Source\Engine\Framework\Framework.vcxproj", "{E220618C-3A97-44E1-BE46-1B911BC24F41}"
EndProject
Project("{8BC9CEB8-8B4A-11D0-8D11-00A0C91BC942}") = "Input", "Source\Engine\Input\Input.vcxproj", "{5E7AE29D-1A05-4D1E-B361-A2E2C3DD1D24}"
EndProject
Project("{8BC9CEB8-8B4A-11D0-8D11-00A0C91BC942}") = "Renderer", "Source\Engine\Renderer\Renderer.vcxproj", "{90FF4C66-86C0-472E-BF69-7A6850CE0D59}"
EndProject
Project("{8BC9CEB8-8B4A-11D0-8D11-00A0C91BC942}") = "Game", "Source\Game\Game\Game.vcxproj", "{A88A744E-9EFD-4AF3-A37C-01FD48A28FDA}"
EndProject
Project("{8BC9CEB8-8B4A-11D0-8D11-00A0C91BC942}") = "Core", "Source\Engine\Core\Core.vcxproj", "{36D8BA8F-93C8-4DBF-912D-31AD70E95D8F}"
EndProject
Global
	GlobalSection(SolutionConfigurationPlatforms) = preSolution
		Debug|x64 = Debug|x64
		Debug|x86 = Debug|x86
		Release|x64 = Release|x64
		Release|x86 = Release|x86
	EndGlobalSection
	GlobalSection(ProjectConfigurationPlatforms) = postSolution
		{58ACC90E-EEC8-4BAF-AA6D-344FEAF900EF}.Debug|x64.ActiveCfg = Debug|x64
		{58ACC90E-EEC8-4BAF-AA6D-344FEAF900EF}.Debug|x64.Build.0 = Debug|x64
		{58ACC90E-EEC8-4BAF-AA6D-344FEAF900EF}.Debug|x86.ActiveCfg = Debug|Win32
		{58ACC90E-EEC8-4BAF-AA6D-344FEAF900EF}.Debug|x86.Build.0 = Debug|Win32
		{58ACC90E-EEC8-4BAF-AA6D-344FEAF900EF}.Release|x64.ActiveCfg = Release|x64
		{58ACC90E-EEC8-4BAF-AA6D-344FEAF900EF}.Release|x64.Build.0 = Release|x64
		{58ACC90E-EEC8-4BAF-AA6D-344FEAF900EF}.Release|x86.ActiveCfg = Release|Win32
		{58ACC90E-EEC8-4BAF-AA6D-344FEAF900EF}.Release|x86.Build.0 = Release|Win32
		{E220618C-3A97-44E1-BE46-1B911BC24F41}.Debug|x64.ActiveCfg = Debug|x64
		{E220618C-3A97-44E1-BE46-1B911BC24F41}.Debug|x64.Build.0 = Debug|x64
		{E220618C-3A97-44E1-BE46-1B911BC24F41}.Debug|x86.ActiveCfg = Debug|Win32
		{E220618C-3A97-44E1-BE46-1B911BC24F41}.Debug|x86.Build.0 = Debug|Win32
		{E220618C-3A97-44E1-BE46-1B911BC24F41}.Release|x64.ActiveCfg = Release|x64
		{E220618C-3A97-44E1-BE46-1B911BC24F41}.Release|x64.Build.0 = Release|x64
		{E220618C-3A97-44E1-BE46-1B911BC24F41}.Release|x86.ActiveCfg = Release|Win32
		{E220618C-3A97-44E1-BE46-1B911BC24F41}.Release|x86.Build.0 = Release|Win32
		{5E7AE29D-1A05-4D1E-B361-A2E2C3DD1D24}.Debug|x64.ActiveCfg = Debug|x64
		{5E7AE29D-1A05-4D1E-B361-A2E2C3DD1D24}.Debug|x64.Build.0 = Debug|x64
		{5E7AE29D-1A05-4D1E-B361-A2E2C3DD1D24}.Debug|x86.ActiveCfg = Debug|Win32
		{5E7AE29D-1A05-4D1E-B361-A2E2C3DD1D24}.Debug|x86.Build.0 = Debug|Win32
		{5E7AE29D-1A05-4D1E-B361-A2E2C3DD1D24}.Release|x64.ActiveCfg = Release|x64
		{5E7AE29D-1A05-4D1E-B361-A2E2C3DD1D24}.Release|x64.Build.0 = Release|x64
		{5E7AE29D-1A05-4D1E-B361-A2E2C3DD1D24}.Release|x86.ActiveCfg = Release|Win32
		{5E7AE29D-1A05-4D1E-B361-A2E2C3DD1D24}.Release|x86.Build.0 = Release|Win32
		{90FF4C66-86C0-472E-BF69-7A6850CE0D59}.Debug|x64.ActiveCfg = Debug|x64
		{90FF4C66-86C0-472E-BF69-7A6850CE0D59}.Debug|x64.Build.0 = Debug|x64
		{90FF4C66-86C0-472E-BF69-7A6850CE0D59}.Debug|x86.ActiveCfg = Debug|Win32
		{90FF4C66-86C0-472E-BF69-7A6850CE0D59}.Debug|x86.Build.0 = Debug|Win32
		{90FF4C66-86C0-472E-BF69-7A6850CE0D59}.Release|x64.ActiveCfg = Release|x64
		{90FF4C66-86C0-472E-BF69-7A6850CE0D59}.Release|x64.Build.0 = Release|x64
		{90FF4C66-86C0-472E-BF69-7A6850CE0D59}.Release|x86.ActiveCfg = Release|Win32
		{90FF4C66-86C0-472E-BF69-7A6850CE0D59}.Release|x86.Build.0 = Release|Win32
		{A88A744E-9EFD-4AF3-A37C-01FD48A28FDA}.Debug|x64.ActiveCfg = Debug|x64
		{A88A744E-9EFD-4AF3-A37C-01FD48A28FDA}.Debug|x64.Build.0 = Debug|x64
		{A88A744E-9EFD-4AF3-A37C-01FD48A28FDA}.Debug|x86.ActiveCfg = Debug|Win32
		{A88A744E-9EFD-4AF3-A37C-01FD48A28FDA}.Debug|x86.Build.0 = Debug|Win32
		{A88A744E-9EFD-4AF3-A37C-01FD48A28FDA}.Release|x64.ActiveCfg = Release|x64
		{A88A744E-9EFD-4AF3-A37C-01FD48A28FDA}.Release|x64.Build.0 = Release|x64
		{A88A744E-9EFD-4AF3-A37C-01FD48A28FDA}.Release|x86.ActiveCfg = Release|Win32
		{A88A744E-9EFD-4AF3-A37C-01FD48A28FDA}.Release|x86.Build.0 = Release|Win32
		{36D8BA8F-93C8-4DBF-912D-31AD70E95D8F}.Debug|x64.ActiveCfg = Debug|x64
		{36D8BA8F-93C8-4DBF-912D-31AD70E95D8F}.Debug|x64.Build.0 = Debug|x64
		{36D8BA8F-93C8-4DBF-912D-31AD70E95D8F}.Debug|x86.ActiveCfg = Debug|Win32
		{36D8BA8F-93C8-4DBF-912D-31AD70E95D8F}.Debug|x86.Build.0 = Debug|Win32
		{36D8BA8F-93C8-4DBF-912D-31AD70E95D8F}.Release|x64.ActiveCfg = Release|x64
		{36D8BA8F-93C8-4DBF-912D-31AD70E95D8F}.Release|x64.Build.0 = Release|x64
		{36D8BA8F-93C8-4DBF-912D-31AD70E95D8F}.Release|x86.ActiveCfg = Release|Win32
		{36D8BA8F-93C8-4DBF-912D-31AD70E95D8F}.Release|x86.Build.0 = Release|Win32
	EndGlobalSection
	GlobalSection(SolutionProperties) = preSolution
		HideSolutionNode = FALSE
	EndGlobalSection
	GlobalSection(NestedProjects) = preSolution
		{58ACC90E-EEC8-4BAF-AA6D-344FEAF900EF} = {6E13A2E7-B2F4-4530-9F51-BD9EC83B0E3A}
		{E220618C-3A97-44E1-BE46-1B911BC24F41} = {6E13A2E7-B2F4-4530-9F51-BD9EC83B0E3A}
		{5E7AE29D-1A05-4D1E-B361-A2E2C3DD1D24} = {6E13A2E7-B2F4-4530-9F51-BD9EC83B0E3A}
		{90FF4C66-86C0-472E-BF69-7A6850CE0D59} = {6E13A2E7-B2F4-4530-9F51-BD9EC83B0E3A}
		{A88A744E-9EFD-4AF3-A37C-01FD48A28FDA} = {40B92458-D833-4618-BF49-424247B3009E}
		{36D8BA8F-93C8-4DBF-912D-31AD70E95D8F} = {6E13A2E7-B2F4-4530-9F51-BD9EC83B0E3A}
	EndGlobalSection
	GlobalSection(ExtensibilityGlobals) = postSolution
		SolutionGuid = {8E684084-D89B-462A-AA3B-D555E87272DB}
	EndGlobalSection
EndGlobal
